
Microsoft Visual Studio Solution File, Format Version 12.00
# Visual Studio Version 16
VisualStudioVersion = 16.0.33927.289
MinimumVisualStudioVersion = 10.0.40219.1
Project("{2150E333-8FDC-42A3-9474-1A3956D46DE8}") = "Review", "Review", "{7467FF1D-C174-4ADA-98B8-C97B3E32F96D}"
EndProject
Project("{FAE04EC0-301F-11D3-BF4B-00C04F79EFBC}") = "Tyuiu.GurevskayaVE.Sprint2.Review.V9", "Tyuiu.GurevskayaVE.Sprint2.Review.V9\Tyuiu.GurevskayaVE.Sprint2.Review.V9.csproj", "{14672B85-3608-4440-B655-CD9AD8BD449B}"
EndProject
Project("{FAE04EC0-301F-11D3-BF4B-00C04F79EFBC}") = "Tyuiu.GurevskayaVE.Sprint2.Review.V9.Lib", "Tyuiu.GurevskayaVE.Sprint2.Review.V9.Lib\Tyuiu.GurevskayaVE.Sprint2.Review.V9.Lib.csproj", "{26935E21-7DFD-4967-8F2D-6745729E8D04}"
EndProject
Project("{FAE04EC0-301F-11D3-BF4B-00C04F79EFBC}") = "Tyuiu.GurevskayaVE.Sprint2.Review.V9.Test", "Tyuiu.GurevskayaVE.Sprint2.Review.V9.Test\Tyuiu.GurevskayaVE.Sprint2.Review.V9.Test.csproj", "{C1763041-1F72-4618-867A-0B1101C2646D}"
EndProject
Global
	GlobalSection(SolutionConfigurationPlatforms) = preSolution
		Debug|Any CPU = Debug|Any CPU
		Release|Any CPU = Release|Any CPU
	EndGlobalSection
	GlobalSection(ProjectConfigurationPlatforms) = postSolution
		{14672B85-3608-4440-B655-CD9AD8BD449B}.Debug|Any CPU.ActiveCfg = Debug|Any CPU
		{14672B85-3608-4440-B655-CD9AD8BD449B}.Debug|Any CPU.Build.0 = Debug|Any CPU
		{14672B85-3608-4440-B655-CD9AD8BD449B}.Release|Any CPU.ActiveCfg = Release|Any CPU
		{14672B85-3608-4440-B655-CD9AD8BD449B}.Release|Any CPU.Build.0 = Release|Any CPU
		{26935E21-7DFD-4967-8F2D-6745729E8D04}.Debug|Any CPU.ActiveCfg = Debug|Any CPU
		{26935E21-7DFD-4967-8F2D-6745729E8D04}.Debug|Any CPU.Build.0 = Debug|Any CPU
		{26935E21-7DFD-4967-8F2D-6745729E8D04}.Release|Any CPU.ActiveCfg = Release|Any CPU
		{26935E21-7DFD-4967-8F2D-6745729E8D04}.Release|Any CPU.Build.0 = Release|Any CPU
		{C1763041-1F72-4618-867A-0B1101C2646D}.Debug|Any CPU.ActiveCfg = Debug|Any CPU
		{C1763041-1F72-4618-867A-0B1101C2646D}.Debug|Any CPU.Build.0 = Debug|Any CPU
		{C1763041-1F72-4618-867A-0B1101C2646D}.Release|Any CPU.ActiveCfg = Release|Any CPU
		{C1763041-1F72-4618-867A-0B1101C2646D}.Release|Any CPU.Build.0 = Release|Any CPU
	EndGlobalSection
	GlobalSection(SolutionProperties) = preSolution
		HideSolutionNode = FALSE
	EndGlobalSection
	GlobalSection(NestedProjects) = preSolution
		{14672B85-3608-4440-B655-CD9AD8BD449B} = {7467FF1D-C174-4ADA-98B8-C97B3E32F96D}
		{26935E21-7DFD-4967-8F2D-6745729E8D04} = {7467FF1D-C174-4ADA-98B8-C97B3E32F96D}
		{C1763041-1F72-4618-867A-0B1101C2646D} = {7467FF1D-C174-4ADA-98B8-C97B3E32F96D}
	EndGlobalSection
	GlobalSection(ExtensibilityGlobals) = postSolution
		SolutionGuid = {33353FF6-EC1E-49AE-8918-4C8E920A2308}
	EndGlobalSection
EndGlobal
